
Microsoft Visual Studio Solution File, Format Version 12.00
# Visual Studio Version 17
VisualStudioVersion = 17.8.34525.116
MinimumVisualStudioVersion = 10.0.40219.1
Project("{9A19103F-16F7-4668-BE54-9A1E7A4F7556}") = "investhub-backend", "investhub-backend.csproj", "{925A6A96-4977-4ECB-B2E5-E5E4951F06EB}"
	ProjectSection(ProjectDependencies) = postProject
		{75ADBF06-AA34-4CE9-A0A9-647D9438120D} = {75ADBF06-AA34-4CE9-A0A9-647D9438120D}
	EndProjectSection
EndProject
Project("{FAE04EC0-301F-11D3-BF4B-00C04F79EFBC}") = "Data", "..\Data\Data.csproj", "{75ADBF06-AA34-4CE9-A0A9-647D9438120D}"
EndProject
Global
	GlobalSection(SolutionConfigurationPlatforms) = preSolution
		Debug|Any CPU = Debug|Any CPU
		Release|Any CPU = Release|Any CPU
	EndGlobalSection
	GlobalSection(ProjectConfigurationPlatforms) = postSolution
		{925A6A96-4977-4ECB-B2E5-E5E4951F06EB}.Debug|Any CPU.ActiveCfg = Debug|Any CPU
		{925A6A96-4977-4ECB-B2E5-E5E4951F06EB}.Debug|Any CPU.Build.0 = Debug|Any CPU
		{925A6A96-4977-4ECB-B2E5-E5E4951F06EB}.Release|Any CPU.ActiveCfg = Release|Any CPU
		{925A6A96-4977-4ECB-B2E5-E5E4951F06EB}.Release|Any CPU.Build.0 = Release|Any CPU
		{75ADBF06-AA34-4CE9-A0A9-647D9438120D}.Debug|Any CPU.ActiveCfg = Debug|Any CPU
		{75ADBF06-AA34-4CE9-A0A9-647D9438120D}.Debug|Any CPU.Build.0 = Debug|Any CPU
		{75ADBF06-AA34-4CE9-A0A9-647D9438120D}.Release|Any CPU.ActiveCfg = Release|Any CPU
		{75ADBF06-AA34-4CE9-A0A9-647D9438120D}.Release|Any CPU.Build.0 = Release|Any CPU
	EndGlobalSection
	GlobalSection(SolutionProperties) = preSolution
		HideSolutionNode = FALSE
	EndGlobalSection
	GlobalSection(ExtensibilityGlobals) = postSolution
		SolutionGuid = {FF0A6EFF-6939-4341-9619-34C3FD3A4A65}
	EndGlobalSection
EndGlobal
